
Microsoft Visual Studio Solution File, Format Version 12.00
# Visual Studio Version 17
VisualStudioVersion = 17.3.32804.467
MinimumVisualStudioVersion = 10.0.40219.1
Project("{FAE04EC0-301F-11D3-BF4B-00C04F79EFBC}") = "QuestionTwo", "QuestionTwo\QuestionTwo.csproj", "{D6A85B65-2C0B-4955-B260-B0C866E4902E}"
EndProject
Global
	GlobalSection(SolutionConfigurationPlatforms) = preSolution
		Debug|Any CPU = Debug|Any CPU
		Release|Any CPU = Release|Any CPU
	EndGlobalSection
	GlobalSection(ProjectConfigurationPlatforms) = postSolution
		{D6A85B65-2C0B-4955-B260-B0C866E4902E}.Debug|Any CPU.ActiveCfg = Debug|Any CPU
		{D6A85B65-2C0B-4955-B260-B0C866E4902E}.Debug|Any CPU.Build.0 = Debug|Any CPU
		{D6A85B65-2C0B-4955-B260-B0C866E4902E}.Release|Any CPU.ActiveCfg = Release|Any CPU
		{D6A85B65-2C0B-4955-B260-B0C866E4902E}.Release|Any CPU.Build.0 = Release|Any CPU
	EndGlobalSection
	GlobalSection(SolutionProperties) = preSolution
		HideSolutionNode = FALSE
	EndGlobalSection
	GlobalSection(ExtensibilityGlobals) = postSolution
		SolutionGuid = {03D139B0-0A0E-4BCF-9B7F-0A8148C0EE4F}
	EndGlobalSection
EndGlobal
